
Microsoft Visual Studio Solution File, Format Version 12.00
# Visual Studio 15
Project("{FAE04EC0-301F-11D3-BF4B-00C04F79EFBC}") = "UnityEngine.TestRunner", "UnityEngine.TestRunner.csproj", "{29EA63C2-9303-87B4-CC92-10EB98D5F2A7}"
EndProject
Project("{FAE04EC0-301F-11D3-BF4B-00C04F79EFBC}") = "Unity.Mathematics", "Unity.Mathematics.csproj", "{127345C3-076A-A17C-B951-022AD12BC87C}"
EndProject
Project("{FAE04EC0-301F-11D3-BF4B-00C04F79EFBC}") = "Unity.Timeline", "Unity.Timeline.csproj", "{EB902147-DBB3-4263-08C9-841F72858D80}"
EndProject
Project("{FAE04EC0-301F-11D3-BF4B-00C04F79EFBC}") = "UnityEngine.UI", "UnityEngine.UI.csproj", "{BB2ECBCA-C3EA-FD04-9F52-6236B1525240}"
EndProject
Project("{FAE04EC0-301F-11D3-BF4B-00C04F79EFBC}") = "Unity.TextMeshPro", "Unity.TextMeshPro.csproj", "{92A89980-7479-2195-2CE0-C72A712A22E7}"
EndProject
Project("{FAE04EC0-301F-11D3-BF4B-00C04F79EFBC}") = "Unity.2D.Animation.Runtime", "Unity.2D.Animation.Runtime.csproj", "{65250D7F-DB16-7C79-1ABA-FE9893F0F299}"
EndProject
Project("{FAE04EC0-301F-11D3-BF4B-00C04F79EFBC}") = "Unity.2D.IK.Runtime", "Unity.2D.IK.Runtime.csproj", "{CD22FCE0-8FDE-22CC-1AE3-5D70616F88DB}"
EndProject
Project("{FAE04EC0-301F-11D3-BF4B-00C04F79EFBC}") = "Unity.2D.SpriteShape.Runtime", "Unity.2D.SpriteShape.Runtime.csproj", "{E778A71C-3EB6-731C-33F2-3257E696326C}"
EndProject
Project("{FAE04EC0-301F-11D3-BF4B-00C04F79EFBC}") = "Unity.2D.PixelPerfect", "Unity.2D.PixelPerfect.csproj", "{76B3CD83-85F6-1F1D-4742-0F9D9120525B}"
EndProject
Project("{FAE04EC0-301F-11D3-BF4B-00C04F79EFBC}") = "Unity.2D.Common.Runtime", "Unity.2D.Common.Runtime.csproj", "{94D033F3-2B2E-9225-2532-DA865CD13481}"
EndProject
Project("{FAE04EC0-301F-11D3-BF4B-00C04F79EFBC}") = "Unity.InternalAPIEngineBridge.001", "Unity.InternalAPIEngineBridge.001.csproj", "{0B58A616-D5C4-02D8-4F30-3FA952B56E90}"
EndProject
Project("{FAE04EC0-301F-11D3-BF4B-00C04F79EFBC}") = "Assembly-CSharp", "Assembly-CSharp.csproj", "{0D388DC5-DA32-E150-8278-D2949F7AE452}"
EndProject
Project("{FAE04EC0-301F-11D3-BF4B-00C04F79EFBC}") = "UnityEditor.TestRunner", "UnityEditor.TestRunner.csproj", "{6617A506-3512-B54E-5557-E1BDBEE43DBF}"
EndProject
Project("{FAE04EC0-301F-11D3-BF4B-00C04F79EFBC}") = "Unity.PlasticSCM.Editor", "Unity.PlasticSCM.Editor.csproj", "{817A855B-E12F-18B0-E974-F89EB20DFC30}"
EndProject
Project("{FAE04EC0-301F-11D3-BF4B-00C04F79EFBC}") = "Unity.2D.Animation.Triangle.Editor", "Unity.2D.Animation.Triangle.Editor.csproj", "{0101F562-A9E8-FEB6-9C3D-9A27EF4D3D65}"
EndProject
Project("{FAE04EC0-301F-11D3-BF4B-00C04F79EFBC}") = "UnityEditor.UI", "UnityEditor.UI.csproj", "{6C060771-1AA9-15DF-92D1-8C8B3297D383}"
EndProject
Project("{FAE04EC0-301F-11D3-BF4B-00C04F79EFBC}") = "Unity.Timeline.Editor", "Unity.Timeline.Editor.csproj", "{67B93DEE-DAB4-19AD-3F0F-9E637874E3FB}"
EndProject
Project("{FAE04EC0-301F-11D3-BF4B-00C04F79EFBC}") = "Unity.VisualStudio.Editor", "Unity.VisualStudio.Editor.csproj", "{9B57509C-4842-8EC6-5D4A-AF10A96534ED}"
EndProject
Project("{FAE04EC0-301F-11D3-BF4B-00C04F79EFBC}") = "Unity.2D.Psdimporter.Editor", "Unity.2D.Psdimporter.Editor.csproj", "{C6BD2DBD-7DCA-3638-8D7E-B431B5FF8D85}"
EndProject
Project("{FAE04EC0-301F-11D3-BF4B-00C04F79EFBC}") = "Unity.2D.Animation.Editor", "Unity.2D.Animation.Editor.csproj", "{AA51CB7A-7C80-285E-3A5B-7C2FE8740CBF}"
EndProject
Project("{FAE04EC0-301F-11D3-BF4B-00C04F79EFBC}") = "Unity.TextMeshPro.Editor", "Unity.TextMeshPro.Editor.csproj", "{872BD085-A8D0-7495-5F95-F9E1EDE92B71}"
EndProject
Project("{FAE04EC0-301F-11D3-BF4B-00C04F79EFBC}") = "Unity.2D.SpriteShape.Editor", "Unity.2D.SpriteShape.Editor.csproj", "{E3F0E246-A876-9695-947B-FE912B161C8F}"
EndProject
Project("{FAE04EC0-301F-11D3-BF4B-00C04F79EFBC}") = "PsdPlugin", "PsdPlugin.csproj", "{963DE46F-07E4-2331-701D-BCD32874128D}"
EndProject
Project("{FAE04EC0-301F-11D3-BF4B-00C04F79EFBC}") = "Unity.2D.Path.Editor", "Unity.2D.Path.Editor.csproj", "{A1021E4E-FF2F-AEB9-9A5D-216A373EECC6}"
EndProject
Project("{FAE04EC0-301F-11D3-BF4B-00C04F79EFBC}") = "Unity.Rider.Editor", "Unity.Rider.Editor.csproj", "{579378E3-CCC8-1C99-77EE-9B2DD35A9BCF}"
EndProject
Project("{FAE04EC0-301F-11D3-BF4B-00C04F79EFBC}") = "Unity.2D.IK.Editor", "Unity.2D.IK.Editor.csproj", "{D9E27D7D-EAB3-EB13-3B31-4F1EB932A70D}"
EndProject
Project("{FAE04EC0-301F-11D3-BF4B-00C04F79EFBC}") = "Unity.2D.Sprite.Editor", "Unity.2D.Sprite.Editor.csproj", "{A088CF8B-008E-1882-04AB-1AE699AA572F}"
EndProject
Project("{FAE04EC0-301F-11D3-BF4B-00C04F79EFBC}") = "Unity.2D.Tilemap.Editor", "Unity.2D.Tilemap.Editor.csproj", "{3D3D0FF3-861A-188B-1FA2-54E8863C6043}"
EndProject
Project("{FAE04EC0-301F-11D3-BF4B-00C04F79EFBC}") = "Unity.2D.PixelPerfect.Editor", "Unity.2D.PixelPerfect.Editor.csproj", "{52A11431-3459-041C-1D48-0A7252B70108}"
EndProject
Project("{FAE04EC0-301F-11D3-BF4B-00C04F79EFBC}") = "Unity.VSCode.Editor", "Unity.VSCode.Editor.csproj", "{D07D02E6-5BD0-220C-D1F4-9FC4B90B2E42}"
EndProject
Project("{FAE04EC0-301F-11D3-BF4B-00C04F79EFBC}") = "Unity.2D.Common.Editor", "Unity.2D.Common.Editor.csproj", "{17399409-44A1-10B0-0B09-CB89580790BA}"
EndProject
Project("{FAE04EC0-301F-11D3-BF4B-00C04F79EFBC}") = "Unity.Mathematics.Editor", "Unity.Mathematics.Editor.csproj", "{66CCA6ED-FE3C-5F43-B77C-E36EB5E9E8F5}"
EndProject
Project("{FAE04EC0-301F-11D3-BF4B-00C04F79EFBC}") = "Unity.CollabProxy.Editor", "Unity.CollabProxy.Editor.csproj", "{D0320EA6-083E-7345-12CF-ED2986F9CA04}"
EndProject
Project("{FAE04EC0-301F-11D3-BF4B-00C04F79EFBC}") = "Unity.InternalAPIEditorBridge.001", "Unity.InternalAPIEditorBridge.001.csproj", "{6C7078EC-FA14-CF73-D39A-A61EBE384DF6}"
EndProject
Project("{FAE04EC0-301F-11D3-BF4B-00C04F79EFBC}") = "UnityEngine.TestRunner", "UnityEngine.TestRunner.Player.csproj", "{F1882EE3-193E-F66E-723C-5FCF81EF8322}"
EndProject
Project("{FAE04EC0-301F-11D3-BF4B-00C04F79EFBC}") = "Unity.Mathematics", "Unity.Mathematics.Player.csproj", "{9DD5F86F-5BE7-0598-0976-2101B1207EC5}"
EndProject
Project("{FAE04EC0-301F-11D3-BF4B-00C04F79EFBC}") = "Unity.Timeline", "Unity.Timeline.Player.csproj", "{C26085F3-FC74-B128-E983-1F103420EFC5}"
EndProject
Project("{FAE04EC0-301F-11D3-BF4B-00C04F79EFBC}") = "UnityEngine.UI", "UnityEngine.UI.Player.csproj", "{68D20B85-687A-804B-A027-64AE6D9BCAD8}"
EndProject
Project("{FAE04EC0-301F-11D3-BF4B-00C04F79EFBC}") = "Unity.TextMeshPro", "Unity.TextMeshPro.Player.csproj", "{975A7924-72DF-3D7F-5C7A-DFEB19B44CE5}"
EndProject
Project("{FAE04EC0-301F-11D3-BF4B-00C04F79EFBC}") = "Unity.2D.Animation.Runtime", "Unity.2D.Animation.Runtime.Player.csproj", "{FA589FA1-E4BB-25C5-3394-BCEB1B81098F}"
EndProject
Project("{FAE04EC0-301F-11D3-BF4B-00C04F79EFBC}") = "Unity.2D.IK.Runtime", "Unity.2D.IK.Runtime.Player.csproj", "{6CAB00F3-8702-A46C-4731-78484CC8D37F}"
EndProject
Project("{FAE04EC0-301F-11D3-BF4B-00C04F79EFBC}") = "Unity.2D.SpriteShape.Runtime", "Unity.2D.SpriteShape.Runtime.Player.csproj", "{BF1F7B79-A135-5EE1-A97B-3407AB116BD8}"
EndProject
Project("{FAE04EC0-301F-11D3-BF4B-00C04F79EFBC}") = "Unity.2D.PixelPerfect", "Unity.2D.PixelPerfect.Player.csproj", "{3E0F20B2-8271-5ADB-C3C6-26494A31598A}"
EndProject
Project("{FAE04EC0-301F-11D3-BF4B-00C04F79EFBC}") = "Unity.2D.Common.Runtime", "Unity.2D.Common.Runtime.Player.csproj", "{2B07CACC-096D-2337-D0CF-215F91C41140}"
EndProject
Project("{FAE04EC0-301F-11D3-BF4B-00C04F79EFBC}") = "Unity.InternalAPIEngineBridge.001", "Unity.InternalAPIEngineBridge.001.Player.csproj", "{D60909B4-192B-B4D8-7932-A962D7A2C7AD}"
EndProject
Project("{FAE04EC0-301F-11D3-BF4B-00C04F79EFBC}") = "Assembly-CSharp", "Assembly-CSharp.Player.csproj", "{B7284AC3-4E95-7C04-477C-5003731E5BF1}"
EndProject
Global
	GlobalSection(SolutionConfigurationPlatforms) = preSolution
		Debug|Any CPU = Debug|Any CPU
		Release|Any CPU = Release|Any CPU
	EndGlobalSection
	GlobalSection(ProjectConfigurationPlatforms) = postSolution
		{29EA63C2-9303-87B4-CC92-10EB98D5F2A7}.Debug|Any CPU.ActiveCfg = Debug|Any CPU
		{29EA63C2-9303-87B4-CC92-10EB98D5F2A7}.Debug|Any CPU.Build.0 = Debug|Any CPU
		{29EA63C2-9303-87B4-CC92-10EB98D5F2A7}.Release|Any CPU.ActiveCfg = Release|Any CPU
		{29EA63C2-9303-87B4-CC92-10EB98D5F2A7}.Release|Any CPU.Build.0 = Release|Any CPU
		{127345C3-076A-A17C-B951-022AD12BC87C}.Debug|Any CPU.ActiveCfg = Debug|Any CPU
		{127345C3-076A-A17C-B951-022AD12BC87C}.Debug|Any CPU.Build.0 = Debug|Any CPU
		{127345C3-076A-A17C-B951-022AD12BC87C}.Release|Any CPU.ActiveCfg = Release|Any CPU
		{127345C3-076A-A17C-B951-022AD12BC87C}.Release|Any CPU.Build.0 = Release|Any CPU
		{EB902147-DBB3-4263-08C9-841F72858D80}.Debug|Any CPU.ActiveCfg = Debug|Any CPU
		{EB902147-DBB3-4263-08C9-841F72858D80}.Debug|Any CPU.Build.0 = Debug|Any CPU
		{EB902147-DBB3-4263-08C9-841F72858D80}.Release|Any CPU.ActiveCfg = Release|Any CPU
		{EB902147-DBB3-4263-08C9-841F72858D80}.Release|Any CPU.Build.0 = Release|Any CPU
		{BB2ECBCA-C3EA-FD04-9F52-6236B1525240}.Debug|Any CPU.ActiveCfg = Debug|Any CPU
		{BB2ECBCA-C3EA-FD04-9F52-6236B1525240}.Debug|Any CPU.Build.0 = Debug|Any CPU
		{BB2ECBCA-C3EA-FD04-9F52-6236B1525240}.Release|Any CPU.ActiveCfg = Release|Any CPU
		{BB2ECBCA-C3EA-FD04-9F52-6236B1525240}.Release|Any CPU.Build.0 = Release|Any CPU
		{92A89980-7479-2195-2CE0-C72A712A22E7}.Debug|Any CPU.ActiveCfg = Debug|Any CPU
		{92A89980-7479-2195-2CE0-C72A712A22E7}.Debug|Any CPU.Build.0 = Debug|Any CPU
		{92A89980-7479-2195-2CE0-C72A712A22E7}.Release|Any CPU.ActiveCfg = Release|Any CPU
		{92A89980-7479-2195-2CE0-C72A712A22E7}.Release|Any CPU.Build.0 = Release|Any CPU
		{65250D7F-DB16-7C79-1ABA-FE9893F0F299}.Debug|Any CPU.ActiveCfg = Debug|Any CPU
		{65250D7F-DB16-7C79-1ABA-FE9893F0F299}.Debug|Any CPU.Build.0 = Debug|Any CPU
		{65250D7F-DB16-7C79-1ABA-FE9893F0F299}.Release|Any CPU.ActiveCfg = Release|Any CPU
		{65250D7F-DB16-7C79-1ABA-FE9893F0F299}.Release|Any CPU.Build.0 = Release|Any CPU
		{CD22FCE0-8FDE-22CC-1AE3-5D70616F88DB}.Debug|Any CPU.ActiveCfg = Debug|Any CPU
		{CD22FCE0-8FDE-22CC-1AE3-5D70616F88DB}.Debug|Any CPU.Build.0 = Debug|Any CPU
		{CD22FCE0-8FDE-22CC-1AE3-5D70616F88DB}.Release|Any CPU.ActiveCfg = Release|Any CPU
		{CD22FCE0-8FDE-22CC-1AE3-5D70616F88DB}.Release|Any CPU.Build.0 = Release|Any CPU
		{E778A71C-3EB6-731C-33F2-3257E696326C}.Debug|Any CPU.ActiveCfg = Debug|Any CPU
		{E778A71C-3EB6-731C-33F2-3257E696326C}.Debug|Any CPU.Build.0 = Debug|Any CPU
		{E778A71C-3EB6-731C-33F2-3257E696326C}.Release|Any CPU.ActiveCfg = Release|Any CPU
		{E778A71C-3EB6-731C-33F2-3257E696326C}.Release|Any CPU.Build.0 = Release|Any CPU
		{76B3CD83-85F6-1F1D-4742-0F9D9120525B}.Debug|Any CPU.ActiveCfg = Debug|Any CPU
		{76B3CD83-85F6-1F1D-4742-0F9D9120525B}.Debug|Any CPU.Build.0 = Debug|Any CPU
		{76B3CD83-85F6-1F1D-4742-0F9D9120525B}.Release|Any CPU.ActiveCfg = Release|Any CPU
		{76B3CD83-85F6-1F1D-4742-0F9D9120525B}.Release|Any CPU.Build.0 = Release|Any CPU
		{94D033F3-2B2E-9225-2532-DA865CD13481}.Debug|Any CPU.ActiveCfg = Debug|Any CPU
		{94D033F3-2B2E-9225-2532-DA865CD13481}.Debug|Any CPU.Build.0 = Debug|Any CPU
		{94D033F3-2B2E-9225-2532-DA865CD13481}.Release|Any CPU.ActiveCfg = Release|Any CPU
		{94D033F3-2B2E-9225-2532-DA865CD13481}.Release|Any CPU.Build.0 = Release|Any CPU
		{0B58A616-D5C4-02D8-4F30-3FA952B56E90}.Debug|Any CPU.ActiveCfg = Debug|Any CPU
		{0B58A616-D5C4-02D8-4F30-3FA952B56E90}.Debug|Any CPU.Build.0 = Debug|Any CPU
		{0B58A616-D5C4-02D8-4F30-3FA952B56E90}.Release|Any CPU.ActiveCfg = Release|Any CPU
		{0B58A616-D5C4-02D8-4F30-3FA952B56E90}.Release|Any CPU.Build.0 = Release|Any CPU
		{0D388DC5-DA32-E150-8278-D2949F7AE452}.Debug|Any CPU.ActiveCfg = Debug|Any CPU
		{0D388DC5-DA32-E150-8278-D2949F7AE452}.Debug|Any CPU.Build.0 = Debug|Any CPU
		{0D388DC5-DA32-E150-8278-D2949F7AE452}.Release|Any CPU.ActiveCfg = Release|Any CPU
		{0D388DC5-DA32-E150-8278-D2949F7AE452}.Release|Any CPU.Build.0 = Release|Any CPU
		{6617A506-3512-B54E-5557-E1BDBEE43DBF}.Debug|Any CPU.ActiveCfg = Debug|Any CPU
		{6617A506-3512-B54E-5557-E1BDBEE43DBF}.Debug|Any CPU.Build.0 = Debug|Any CPU
		{6617A506-3512-B54E-5557-E1BDBEE43DBF}.Release|Any CPU.ActiveCfg = Release|Any CPU
		{6617A506-3512-B54E-5557-E1BDBEE43DBF}.Release|Any CPU.Build.0 = Release|Any CPU
		{817A855B-E12F-18B0-E974-F89EB20DFC30}.Debug|Any CPU.ActiveCfg = Debug|Any CPU
		{817A855B-E12F-18B0-E974-F89EB20DFC30}.Debug|Any CPU.Build.0 = Debug|Any CPU
		{817A855B-E12F-18B0-E974-F89EB20DFC30}.Release|Any CPU.ActiveCfg = Release|Any CPU
		{817A855B-E12F-18B0-E974-F89EB20DFC30}.Release|Any CPU.Build.0 = Release|Any CPU
		{0101F562-A9E8-FEB6-9C3D-9A27EF4D3D65}.Debug|Any CPU.ActiveCfg = Debug|Any CPU
		{0101F562-A9E8-FEB6-9C3D-9A27EF4D3D65}.Debug|Any CPU.Build.0 = Debug|Any CPU
		{0101F562-A9E8-FEB6-9C3D-9A27EF4D3D65}.Release|Any CPU.ActiveCfg = Release|Any CPU
		{0101F562-A9E8-FEB6-9C3D-9A27EF4D3D65}.Release|Any CPU.Build.0 = Release|Any CPU
		{6C060771-1AA9-15DF-92D1-8C8B3297D383}.Debug|Any CPU.ActiveCfg = Debug|Any CPU
		{6C060771-1AA9-15DF-92D1-8C8B3297D383}.Debug|Any CPU.Build.0 = Debug|Any CPU
		{6C060771-1AA9-15DF-92D1-8C8B3297D383}.Release|Any CPU.ActiveCfg = Release|Any CPU
		{6C060771-1AA9-15DF-92D1-8C8B3297D383}.Release|Any CPU.Build.0 = Release|Any CPU
		{67B93DEE-DAB4-19AD-3F0F-9E637874E3FB}.Debug|Any CPU.ActiveCfg = Debug|Any CPU
		{67B93DEE-DAB4-19AD-3F0F-9E637874E3FB}.Debug|Any CPU.Build.0 = Debug|Any CPU
		{67B93DEE-DAB4-19AD-3F0F-9E637874E3FB}.Release|Any CPU.ActiveCfg = Release|Any CPU
		{67B93DEE-DAB4-19AD-3F0F-9E637874E3FB}.Release|Any CPU.Build.0 = Release|Any CPU
		{9B57509C-4842-8EC6-5D4A-AF10A96534ED}.Debug|Any CPU.ActiveCfg = Debug|Any CPU
		{9B57509C-4842-8EC6-5D4A-AF10A96534ED}.Debug|Any CPU.Build.0 = Debug|Any CPU
		{9B57509C-4842-8EC6-5D4A-AF10A96534ED}.Release|Any CPU.ActiveCfg = Release|Any CPU
		{9B57509C-4842-8EC6-5D4A-AF10A96534ED}.Release|Any CPU.Build.0 = Release|Any CPU
		{C6BD2DBD-7DCA-3638-8D7E-B431B5FF8D85}.Debug|Any CPU.ActiveCfg = Debug|Any CPU
		{C6BD2DBD-7DCA-3638-8D7E-B431B5FF8D85}.Debug|Any CPU.Build.0 = Debug|Any CPU
		{C6BD2DBD-7DCA-3638-8D7E-B431B5FF8D85}.Release|Any CPU.ActiveCfg = Release|Any CPU
		{C6BD2DBD-7DCA-3638-8D7E-B431B5FF8D85}.Release|Any CPU.Build.0 = Release|Any CPU
		{AA51CB7A-7C80-285E-3A5B-7C2FE8740CBF}.Debug|Any CPU.ActiveCfg = Debug|Any CPU
		{AA51CB7A-7C80-285E-3A5B-7C2FE8740CBF}.Debug|Any CPU.Build.0 = Debug|Any CPU
		{AA51CB7A-7C80-285E-3A5B-7C2FE8740CBF}.Release|Any CPU.ActiveCfg = Release|Any CPU
		{AA51CB7A-7C80-285E-3A5B-7C2FE8740CBF}.Release|Any CPU.Build.0 = Release|Any CPU
		{872BD085-A8D0-7495-5F95-F9E1EDE92B71}.Debug|Any CPU.ActiveCfg = Debug|Any CPU
		{872BD085-A8D0-7495-5F95-F9E1EDE92B71}.Debug|Any CPU.Build.0 = Debug|Any CPU
		{872BD085-A8D0-7495-5F95-F9E1EDE92B71}.Release|Any CPU.ActiveCfg = Release|Any CPU
		{872BD085-A8D0-7495-5F95-F9E1EDE92B71}.Release|Any CPU.Build.0 = Release|Any CPU
		{E3F0E246-A876-9695-947B-FE912B161C8F}.Debug|Any CPU.ActiveCfg = Debug|Any CPU
		{E3F0E246-A876-9695-947B-FE912B161C8F}.Debug|Any CPU.Build.0 = Debug|Any CPU
		{E3F0E246-A876-9695-947B-FE912B161C8F}.Release|Any CPU.ActiveCfg = Release|Any CPU
		{E3F0E246-A876-9695-947B-FE912B161C8F}.Release|Any CPU.Build.0 = Release|Any CPU
		{963DE46F-07E4-2331-701D-BCD32874128D}.Debug|Any CPU.ActiveCfg = Debug|Any CPU
		{963DE46F-07E4-2331-701D-BCD32874128D}.Debug|Any CPU.Build.0 = Debug|Any CPU
		{963DE46F-07E4-2331-701D-BCD32874128D}.Release|Any CPU.ActiveCfg = Release|Any CPU
		{963DE46F-07E4-2331-701D-BCD32874128D}.Release|Any CPU.Build.0 = Release|Any CPU
		{A1021E4E-FF2F-AEB9-9A5D-216A373EECC6}.Debug|Any CPU.ActiveCfg = Debug|Any CPU
		{A1021E4E-FF2F-AEB9-9A5D-216A373EECC6}.Debug|Any CPU.Build.0 = Debug|Any CPU
		{A1021E4E-FF2F-AEB9-9A5D-216A373EECC6}.Release|Any CPU.ActiveCfg = Release|Any CPU
		{A1021E4E-FF2F-AEB9-9A5D-216A373EECC6}.Release|Any CPU.Build.0 = Release|Any CPU
		{579378E3-CCC8-1C99-77EE-9B2DD35A9BCF}.Debug|Any CPU.ActiveCfg = Debug|Any CPU
		{579378E3-CCC8-1C99-77EE-9B2DD35A9BCF}.Debug|Any CPU.Build.0 = Debug|Any CPU
		{579378E3-CCC8-1C99-77EE-9B2DD35A9BCF}.Release|Any CPU.ActiveCfg = Release|Any CPU
		{579378E3-CCC8-1C99-77EE-9B2DD35A9BCF}.Release|Any CPU.Build.0 = Release|Any CPU
		{D9E27D7D-EAB3-EB13-3B31-4F1EB932A70D}.Debug|Any CPU.ActiveCfg = Debug|Any CPU
		{D9E27D7D-EAB3-EB13-3B31-4F1EB932A70D}.Debug|Any CPU.Build.0 = Debug|Any CPU
		{D9E27D7D-EAB3-EB13-3B31-4F1EB932A70D}.Release|Any CPU.ActiveCfg = Release|Any CPU
		{D9E27D7D-EAB3-EB13-3B31-4F1EB932A70D}.Release|Any CPU.Build.0 = Release|Any CPU
		{A088CF8B-008E-1882-04AB-1AE699AA572F}.Debug|Any CPU.ActiveCfg = Debug|Any CPU
		{A088CF8B-008E-1882-04AB-1AE699AA572F}.Debug|Any CPU.Build.0 = Debug|Any CPU
		{A088CF8B-008E-1882-04AB-1AE699AA572F}.Release|Any CPU.ActiveCfg = Release|Any CPU
		{A088CF8B-008E-1882-04AB-1AE699AA572F}.Release|Any CPU.Build.0 = Release|Any CPU
		{3D3D0FF3-861A-188B-1FA2-54E8863C6043}.Debug|Any CPU.ActiveCfg = Debug|Any CPU
		{3D3D0FF3-861A-188B-1FA2-54E8863C6043}.Debug|Any CPU.Build.0 = Debug|Any CPU
		{3D3D0FF3-861A-188B-1FA2-54E8863C6043}.Release|Any CPU.ActiveCfg = Release|Any CPU
		{3D3D0FF3-861A-188B-1FA2-54E8863C6043}.Release|Any CPU.Build.0 = Release|Any CPU
		{52A11431-3459-041C-1D48-0A7252B70108}.Debug|Any CPU.ActiveCfg = Debug|Any CPU
		{52A11431-3459-041C-1D48-0A7252B70108}.Debug|Any CPU.Build.0 = Debug|Any CPU
		{52A11431-3459-041C-1D48-0A7252B70108}.Release|Any CPU.ActiveCfg = Release|Any CPU
		{52A11431-3459-041C-1D48-0A7252B70108}.Release|Any CPU.Build.0 = Release|Any CPU
		{D07D02E6-5BD0-220C-D1F4-9FC4B90B2E42}.Debug|Any CPU.ActiveCfg = Debug|Any CPU
		{D07D02E6-5BD0-220C-D1F4-9FC4B90B2E42}.Debug|Any CPU.Build.0 = Debug|Any CPU
		{D07D02E6-5BD0-220C-D1F4-9FC4B90B2E42}.Release|Any CPU.ActiveCfg = Release|Any CPU
		{D07D02E6-5BD0-220C-D1F4-9FC4B90B2E42}.Release|Any CPU.Build.0 = Release|Any CPU
		{17399409-44A1-10B0-0B09-CB89580790BA}.Debug|Any CPU.ActiveCfg = Debug|Any CPU
		{17399409-44A1-10B0-0B09-CB89580790BA}.Debug|Any CPU.Build.0 = Debug|Any CPU
		{17399409-44A1-10B0-0B09-CB89580790BA}.Release|Any CPU.ActiveCfg = Release|Any CPU
		{17399409-44A1-10B0-0B09-CB89580790BA}.Release|Any CPU.Build.0 = Release|Any CPU
		{66CCA6ED-FE3C-5F43-B77C-E36EB5E9E8F5}.Debug|Any CPU.ActiveCfg = Debug|Any CPU
		{66CCA6ED-FE3C-5F43-B77C-E36EB5E9E8F5}.Debug|Any CPU.Build.0 = Debug|Any CPU
		{66CCA6ED-FE3C-5F43-B77C-E36EB5E9E8F5}.Release|Any CPU.ActiveCfg = Release|Any CPU
		{66CCA6ED-FE3C-5F43-B77C-E36EB5E9E8F5}.Release|Any CPU.Build.0 = Release|Any CPU
		{D0320EA6-083E-7345-12CF-ED2986F9CA04}.Debug|Any CPU.ActiveCfg = Debug|Any CPU
		{D0320EA6-083E-7345-12CF-ED2986F9CA04}.Debug|Any CPU.Build.0 = Debug|Any CPU
		{D0320EA6-083E-7345-12CF-ED2986F9CA04}.Release|Any CPU.ActiveCfg = Release|Any CPU
		{D0320EA6-083E-7345-12CF-ED2986F9CA04}.Release|Any CPU.Build.0 = Release|Any CPU
		{6C7078EC-FA14-CF73-D39A-A61EBE384DF6}.Debug|Any CPU.ActiveCfg = Debug|Any CPU
		{6C7078EC-FA14-CF73-D39A-A61EBE384DF6}.Debug|Any CPU.Build.0 = Debug|Any CPU
		{6C7078EC-FA14-CF73-D39A-A61EBE384DF6}.Release|Any CPU.ActiveCfg = Release|Any CPU
		{6C7078EC-FA14-CF73-D39A-A61EBE384DF6}.Release|Any CPU.Build.0 = Release|Any CPU
		{F1882EE3-193E-F66E-723C-5FCF81EF8322}.Debug|Any CPU.ActiveCfg = Debug|Any CPU
		{F1882EE3-193E-F66E-723C-5FCF81EF8322}.Debug|Any CPU.Build.0 = Debug|Any CPU
		{F1882EE3-193E-F66E-723C-5FCF81EF8322}.Release|Any CPU.ActiveCfg = Release|Any CPU
		{F1882EE3-193E-F66E-723C-5FCF81EF8322}.Release|Any CPU.Build.0 = Release|Any CPU
		{9DD5F86F-5BE7-0598-0976-2101B1207EC5}.Debug|Any CPU.ActiveCfg = Debug|Any CPU
		{9DD5F86F-5BE7-0598-0976-2101B1207EC5}.Debug|Any CPU.Build.0 = Debug|Any CPU
		{9DD5F86F-5BE7-0598-0976-2101B1207EC5}.Release|Any CPU.ActiveCfg = Release|Any CPU
		{9DD5F86F-5BE7-0598-0976-2101B1207EC5}.Release|Any CPU.Build.0 = Release|Any CPU
		{C26085F3-FC74-B128-E983-1F103420EFC5}.Debug|Any CPU.ActiveCfg = Debug|Any CPU
		{C26085F3-FC74-B128-E983-1F103420EFC5}.Debug|Any CPU.Build.0 = Debug|Any CPU
		{C26085F3-FC74-B128-E983-1F103420EFC5}.Release|Any CPU.ActiveCfg = Release|Any CPU
		{C26085F3-FC74-B128-E983-1F103420EFC5}.Release|Any CPU.Build.0 = Release|Any CPU
		{68D20B85-687A-804B-A027-64AE6D9BCAD8}.Debug|Any CPU.ActiveCfg = Debug|Any CPU
		{68D20B85-687A-804B-A027-64AE6D9BCAD8}.Debug|Any CPU.Build.0 = Debug|Any CPU
		{68D20B85-687A-804B-A027-64AE6D9BCAD8}.Release|Any CPU.ActiveCfg = Release|Any CPU
		{68D20B85-687A-804B-A027-64AE6D9BCAD8}.Release|Any CPU.Build.0 = Release|Any CPU
		{975A7924-72DF-3D7F-5C7A-DFEB19B44CE5}.Debug|Any CPU.ActiveCfg = Debug|Any CPU
		{975A7924-72DF-3D7F-5C7A-DFEB19B44CE5}.Debug|Any CPU.Build.0 = Debug|Any CPU
		{975A7924-72DF-3D7F-5C7A-DFEB19B44CE5}.Release|Any CPU.ActiveCfg = Release|Any CPU
		{975A7924-72DF-3D7F-5C7A-DFEB19B44CE5}.Release|Any CPU.Build.0 = Release|Any CPU
		{FA589FA1-E4BB-25C5-3394-BCEB1B81098F}.Debug|Any CPU.ActiveCfg = Debug|Any CPU
		{FA589FA1-E4BB-25C5-3394-BCEB1B81098F}.Debug|Any CPU.Build.0 = Debug|Any CPU
		{FA589FA1-E4BB-25C5-3394-BCEB1B81098F}.Release|Any CPU.ActiveCfg = Release|Any CPU
		{FA589FA1-E4BB-25C5-3394-BCEB1B81098F}.Release|Any CPU.Build.0 = Release|Any CPU
		{6CAB00F3-8702-A46C-4731-78484CC8D37F}.Debug|Any CPU.ActiveCfg = Debug|Any CPU
		{6CAB00F3-8702-A46C-4731-78484CC8D37F}.Debug|Any CPU.Build.0 = Debug|Any CPU
		{6CAB00F3-8702-A46C-4731-78484CC8D37F}.Release|Any CPU.ActiveCfg = Release|Any CPU
		{6CAB00F3-8702-A46C-4731-78484CC8D37F}.Release|Any CPU.Build.0 = Release|Any CPU
		{BF1F7B79-A135-5EE1-A97B-3407AB116BD8}.Debug|Any CPU.ActiveCfg = Debug|Any CPU
		{BF1F7B79-A135-5EE1-A97B-3407AB116BD8}.Debug|Any CPU.Build.0 = Debug|Any CPU
		{BF1F7B79-A135-5EE1-A97B-3407AB116BD8}.Release|Any CPU.ActiveCfg = Release|Any CPU
		{BF1F7B79-A135-5EE1-A97B-3407AB116BD8}.Release|Any CPU.Build.0 = Release|Any CPU
		{3E0F20B2-8271-5ADB-C3C6-26494A31598A}.Debug|Any CPU.ActiveCfg = Debug|Any CPU
		{3E0F20B2-8271-5ADB-C3C6-26494A31598A}.Debug|Any CPU.Build.0 = Debug|Any CPU
		{3E0F20B2-8271-5ADB-C3C6-26494A31598A}.Release|Any CPU.ActiveCfg = Release|Any CPU
		{3E0F20B2-8271-5ADB-C3C6-26494A31598A}.Release|Any CPU.Build.0 = Release|Any CPU
		{2B07CACC-096D-2337-D0CF-215F91C41140}.Debug|Any CPU.ActiveCfg = Debug|Any CPU
		{2B07CACC-096D-2337-D0CF-215F91C41140}.Debug|Any CPU.Build.0 = Debug|Any CPU
		{2B07CACC-096D-2337-D0CF-215F91C41140}.Release|Any CPU.ActiveCfg = Release|Any CPU
		{2B07CACC-096D-2337-D0CF-215F91C41140}.Release|Any CPU.Build.0 = Release|Any CPU
		{D60909B4-192B-B4D8-7932-A962D7A2C7AD}.Debug|Any CPU.ActiveCfg = Debug|Any CPU
		{D60909B4-192B-B4D8-7932-A962D7A2C7AD}.Debug|Any CPU.Build.0 = Debug|Any CPU
		{D60909B4-192B-B4D8-7932-A962D7A2C7AD}.Release|Any CPU.ActiveCfg = Release|Any CPU
		{D60909B4-192B-B4D8-7932-A962D7A2C7AD}.Release|Any CPU.Build.0 = Release|Any CPU
		{B7284AC3-4E95-7C04-477C-5003731E5BF1}.Debug|Any CPU.ActiveCfg = Debug|Any CPU
		{B7284AC3-4E95-7C04-477C-5003731E5BF1}.Debug|Any CPU.Build.0 = Debug|Any CPU
		{B7284AC3-4E95-7C04-477C-5003731E5BF1}.Release|Any CPU.ActiveCfg = Release|Any CPU
		{B7284AC3-4E95-7C04-477C-5003731E5BF1}.Release|Any CPU.Build.0 = Release|Any CPU
	EndGlobalSection
	GlobalSection(SolutionProperties) = preSolution
		HideSolutionNode = FALSE
	EndGlobalSection
EndGlobal
